<?xml version="1.0" encoding="utf-8"?>
<Project ToolsVersion="4.0" xmlns="http://schemas.microsoft.com/developer/msbuild/2003">
  <ItemGroup>
    <Filter Include="Source Files">
      <UniqueIdentifier>{4FC737F1-C7A5-4376-A066-2A32D752A2FF}</UniqueIdentifier>
      <Extensions>cpp;c;cc;cxx;def;odl;idl;hpj;bat;asm;asmx</Extensions>
    </Filter>
    <Filter Include="Header Files">
      <UniqueIdentifier>{93995380-89BD-4b04-88EB-625FBE52EBFB}</UniqueIdentifier>
      <Extensions>h;hpp;hxx;hm;inl;inc;xsd</Extensions>
    </Filter>
    <Filter Include="Resource Files">
      <UniqueIdentifier>{67DA6AB6-F800-4c08-8B7A-83BB121AAD01}</UniqueIdentifier>
      <Extensions>rc;ico;cur;bmp;dlg;rc2;rct;bin;rgs;gif;jpg;jpeg;jpe;resx;tiff;tif;png;wav;mfcribbon-ms</Extensions>
    </Filter>
    <Filter Include="Header Files\OS">
      <UniqueIdentifier>{13bd11eb-232a-4af8-8c25-5d74b8a369a8}</UniqueIdentifier>
    </Filter>
    <Filter Include="Source Files\OS">
      <UniqueIdentifier>{5ddd4d5a-5d42-4316-91f8-6d96b4a4c929}</UniqueIdentifier>
    </Filter>
  </ItemGroup>
  <ItemGroup>
    <ClInclude Include="..\..\..\..\RAPT\rapt_headers.h">
      <Filter>Header Files</Filter>
    </ClInclude>
    <ClInclude Include="..\..\..\..\RAPT\rapt.h">
      <Filter>Header Files</Filter>
    </ClInclude>
    <ClInclude Include="..\..\..\..\RAPT\rapt_list.h">
      <Filter>Header Files</Filter>
    </ClInclude>
    <ClInclude Include="..\..\..\..\RAPT\rapt_point.h">
      <Filter>Header Files</Filter>
    </ClInclude>
    <ClInclude Include="..\..\..\..\RAPT\rapt_app.h">
      <Filter>Header Files</Filter>
    </ClInclude>
    <ClInclude Include="..\..\..\..\RAPT\rapt_graphics.h">
      <Filter>Header Files</Filter>
    </ClInclude>
    <ClInclude Include="..\..\..\..\RAPT\rapt_string.h">
      <Filter>Header Files</Filter>
    </ClInclude>
    <ClInclude Include="..\..\..\..\RAPT\rapt_rect.h">
      <Filter>Header Files</Filter>
    </ClInclude>
    <ClInclude Include="..\..\..\..\RAPT\rapt_math.h">
      <Filter>Header Files</Filter>
    </ClInclude>
    <ClInclude Include="..\..\..\..\RAPT\rapt_random.h">
      <Filter>Header Files</Filter>
    </ClInclude>
    <ClInclude Include="..\..\..\..\RAPT\rapt_matrix.h">
      <Filter>Header Files</Filter>
    </ClInclude>
    <ClInclude Include="..\..\..\..\RAPT\rapt_console.h">
      <Filter>Header Files</Filter>
    </ClInclude>
    <ClInclude Include="..\..\..\..\RAPT\rapt_color.h">
      <Filter>Header Files</Filter>
    </ClInclude>
    <ClInclude Include="..\..\..\..\RAPT\rapt_sprite.h">
      <Filter>Header Files</Filter>
    </ClInclude>
    <ClInclude Include="..\..\..\..\RAPT\rapt_iobuffer.h">
      <Filter>Header Files</Filter>
    </ClInclude>
    <ClInclude Include="..\..\..\..\RAPT\rapt_image.h">
      <Filter>Header Files</Filter>
    </ClInclude>
    <ClInclude Include="..\..\..\..\RAPT\rapt_utils.h">
      <Filter>Header Files</Filter>
    </ClInclude>
    <ClInclude Include="..\..\..\..\RAPT\rapt_font.h">
      <Filter>Header Files</Filter>
    </ClInclude>
    <ClInclude Include="..\..\..\..\RAPT\rapt_object.h">
      <Filter>Header Files</Filter>
    </ClInclude>
    <ClInclude Include="..\..\..\..\RAPT\rapt_CPU.h">
      <Filter>Header Files</Filter>
    </ClInclude>
    <ClInclude Include="..\..\graphics_core.h">
      <Filter>Header Files\OS</Filter>
    </ClInclude>
    <ClInclude Include="..\..\os_headers.h">
      <Filter>Header Files\OS</Filter>
    </ClInclude>
    <ClInclude Include="..\..\os_core.h">
      <Filter>Header Files\OS</Filter>
    </ClInclude>
    <ClInclude Include="..\..\sound_core.h">
      <Filter>Header Files\OS</Filter>
    </ClInclude>
    <ClInclude Include="..\..\..\..\RAPT\rapt_audio.h">
      <Filter>Header Files</Filter>
    </ClInclude>
    <ClInclude Include="..\..\..\..\RAPT\rapt_defines.h">
      <Filter>Header Files</Filter>
    </ClInclude>
    <ClInclude Include="..\..\..\..\RAPT\rapt_settings.h">
      <Filter>Header Files</Filter>
    </ClInclude>
    <ClInclude Include="..\..\input_core.h">
      <Filter>Header Files\OS</Filter>
    </ClInclude>
    <ClInclude Include="..\..\..\..\RAPT\rapt_input.h">
      <Filter>Header Files</Filter>
    </ClInclude>
    <ClInclude Include="..\..\..\..\RAPT\rapt_CPUHelpers.h">
      <Filter>Header Files</Filter>
    </ClInclude>
    <ClInclude Include="..\..\leaktester.h">
      <Filter>Header Files\OS</Filter>
    </ClInclude>
    <ClInclude Include="..\..\..\..\RAPT\rapt_smartpointer.h">
      <Filter>Header Files</Filter>
    </ClInclude>
    <ClInclude Include="..\..\social_core.h">
      <Filter>Header Files\OS</Filter>
    </ClInclude>
    <ClInclude Include="..\..\..\..\RAPT\rapt_social.h">
      <Filter>Header Files</Filter>
    </ClInclude>
    <ClInclude Include="..\..\network_core.h">
      <Filter>Header Files\OS</Filter>
    </ClInclude>
    <ClInclude Include="..\..\transaction_core.h">
      <Filter>Header Files\OS</Filter>
    </ClInclude>
    <ClInclude Include="..\..\util_core.h">
      <Filter>Header Files\OS</Filter>
    </ClInclude>
    <ClInclude Include="..\..\..\..\RAPT\rapt_comm.h">
      <Filter>Header Files</Filter>
    </ClInclude>
    <ClInclude Include="..\..\..\..\RAPT\rapt_ml.h">
      <Filter>Header Files</Filter>
    </ClInclude>
    <ClInclude Include="..\..\gl30.h">
      <Filter>Header Files</Filter>
    </ClInclude>
    <ClInclude Include="D:\Raptisoft\Source\Framework\RAPT\rapt_shaders.h">
      <Filter>Header Files</Filter>
    </ClInclude>
    <ClInclude Include="D:\Raptisoft\Source\Framework\RAPT\rapt_model.h">
      <Filter>Header Files</Filter>
    </ClInclude>
    <ClInclude Include="D:\Raptisoft\Source\Framework\RAPT\rapt_vertexformats.h">
      <Filter>Header Files</Filter>
    </ClInclude>
  </ItemGroup>
  <ItemGroup>
    <ClCompile Include="..\..\..\..\RAPT\rapt_list.cpp">
      <Filter>Source Files</Filter>
    </ClCompile>
    <ClCompile Include="..\..\..\..\RAPT\rapt_point.cpp">
      <Filter>Source Files</Filter>
    </ClCompile>
    <ClCompile Include="..\..\..\..\RAPT\rapt_graphics.cpp">
      <Filter>Source Files</Filter>
    </ClCompile>
    <ClCompile Include="..\..\..\..\RAPT\rapt_string.cpp">
      <Filter>Source Files</Filter>
    </ClCompile>
    <ClCompile Include="..\..\..\..\RAPT\rapt_rect.cpp">
      <Filter>Source Files</Filter>
    </ClCompile>
    <ClCompile Include="..\..\..\..\RAPT\rapt_math.cpp">
      <Filter>Source Files</Filter>
    </ClCompile>
    <ClCompile Include="..\..\..\..\RAPT\rapt_random.cpp">
      <Filter>Source Files</Filter>
    </ClCompile>
    <ClCompile Include="..\..\..\..\RAPT\rapt_matrix.cpp">
      <Filter>Source Files</Filter>
    </ClCompile>
    <ClCompile Include="..\..\..\..\RAPT\rapt_console.cpp">
      <Filter>Source Files</Filter>
    </ClCompile>
    <ClCompile Include="..\..\..\..\RAPT\rapt_color.cpp">
      <Filter>Source Files</Filter>
    </ClCompile>
    <ClCompile Include="..\..\..\..\RAPT\rapt_sprite.cpp">
      <Filter>Source Files</Filter>
    </ClCompile>
    <ClCompile Include="..\..\..\..\RAPT\rapt_iobuffer.cpp">
      <Filter>Source Files</Filter>
    </ClCompile>
    <ClCompile Include="..\..\..\..\RAPT\rapt_image.cpp">
      <Filter>Source Files</Filter>
    </ClCompile>
    <ClCompile Include="..\..\..\..\RAPT\rapt_utils.cpp">
      <Filter>Source Files</Filter>
    </ClCompile>
    <ClCompile Include="..\..\..\..\RAPT\rapt_font.cpp">
      <Filter>Source Files</Filter>
    </ClCompile>
    <ClCompile Include="..\..\..\..\RAPT\rapt_object.cpp">
      <Filter>Source Files</Filter>
    </ClCompile>
    <ClCompile Include="..\..\..\..\RAPT\rapt_CPU.cpp">
      <Filter>Source Files</Filter>
    </ClCompile>
    <ClCompile Include="..\..\graphics_core.cpp">
      <Filter>Source Files\OS</Filter>
    </ClCompile>
    <ClCompile Include="..\..\os_core.cpp">
      <Filter>Source Files\OS</Filter>
    </ClCompile>
    <ClCompile Include="..\..\sound_core.cpp">
      <Filter>Source Files\OS</Filter>
    </ClCompile>
    <ClCompile Include="..\..\..\..\RAPT\rapt_audio.cpp">
      <Filter>Source Files</Filter>
    </ClCompile>
    <ClCompile Include="..\..\..\..\RAPT\rapt_settings.cpp">
      <Filter>Source Files</Filter>
    </ClCompile>
    <ClCompile Include="..\..\input_core.cpp">
      <Filter>Source Files\OS</Filter>
    </ClCompile>
    <ClCompile Include="..\..\..\..\RAPT\rapt_input.cpp">
      <Filter>Source Files</Filter>
    </ClCompile>
    <ClCompile Include="..\..\..\..\RAPT\rapt_CPUHelpers.cpp">
      <Filter>Source Files</Filter>
    </ClCompile>
    <ClCompile Include="..\..\leaktester.cpp">
      <Filter>Source Files\OS</Filter>
    </ClCompile>
    <ClCompile Include="..\..\social_core.cpp">
      <Filter>Source Files\OS</Filter>
    </ClCompile>
    <ClCompile Include="..\..\..\..\RAPT\rapt_social.cpp">
      <Filter>Source Files</Filter>
    </ClCompile>
    <ClCompile Include="..\..\network_core.cpp">
      <Filter>Source Files\OS</Filter>
    </ClCompile>
    <ClCompile Include="..\..\..\..\RAPT\rapt_app.cpp">
      <Filter>Source Files</Filter>
    </ClCompile>
    <ClCompile Include="..\..\transaction_core.cpp">
      <Filter>Source Files\OS</Filter>
    </ClCompile>
    <ClCompile Include="..\..\..\..\RAPT\rapt_comm.cpp">
      <Filter>Source Files</Filter>
    </ClCompile>
    <ClCompile Include="..\..\..\..\RAPT\rapt_ml.cpp">
      <Filter>Source Files</Filter>
    </ClCompile>
    <ClCompile Include="..\..\..\..\RAPT\rapt_model.cpp">
      <Filter>Source Files</Filter>
    </ClCompile>
    <ClCompile Include="..\..\..\..\RAPT\rapt_shaders.cpp">
      <Filter>Source Files</Filter>
    </ClCompile>
  </ItemGroup>
  <ItemGroup>
    <Library Include="..\..\Lib\glew32.lib" />
    <Library Include="..\..\Lib\OpenGL32.Lib" />
    <Library Include="..\..\Lib\SDL2.lib" />
    <Library Include="..\..\Lib\SDL2_image.lib" />
    <Library Include="..\..\BASS\bass.lib" />
  </ItemGroup>
  <ItemGroup>
    <None Include="ReadMe.txt" />
  </ItemGroup>
</Project>